{
  "version": "4",
  "specifiers": {
    "jsr:@popov/file-writer@^1.2.0": "1.2.0",
    "jsr:@popov/logger@^2.1.0": "2.1.0",
    "npm:@types/node@*": "22.5.4"
  },
  "jsr": {
    "@popov/file-writer@1.2.0": {
      "integrity": "f73edc90938d734cff781ddbc0c2e62d220222d8b420f2df2c45ad784c7f3348"
    },
    "@popov/logger@2.1.0": {
      "integrity": "5c4a40c3420617c0697011f7bb5292fd20ed746690d03134f265a5502b327a2b",
      "dependencies": [
        "jsr:@popov/file-writer"
      ]
    }
  },
  "npm": {
    "@types/node@22.5.4": {
      "integrity": "sha512-FDuKUJQm/ju9fT/SeX/6+gBzoPzlVCzfzmGkwKvRHQVxi4BntVbyIwf6a4Xn62mrvndLiml6z/UBXIdEVjQLXg==",
      "dependencies": [
        "undici-types"
      ]
    },
    "undici-types@6.19.8": {
      "integrity": "sha512-ve2KP6f/JnbPBFyobGHuerC9g1FYGn/F8n1LWTwNxCEzd6IfqTwUQcNXgEtmmQ6DlRrC1hrSrBnCZPokRrDHjw=="
    }
  },
  "workspace": {
    "dependencies": [
      "jsr:@popov/logger@^2.1.0"
    ]
  }
}
